// !$*UTF8*$!
{
	archiveVersion = 1;
	classes = {
	};
	objectVersion = 46;
	objects = {

/* Begin PBXBuildFile section */
		21C63ED11EDEEC7D00A56FFF /* AppDelegate.swift in Sources */ = {isa = PBXBuildFile; fileRef = 21C63ED01EDEEC7D00A56FFF /* AppDelegate.swift */; };
		21C63ED31EDEEC7D00A56FFF /* ViewController.swift in Sources */ = {isa = PBXBuildFile; fileRef = 21C63ED21EDEEC7D00A56FFF /* ViewController.swift */; };
		21C63ED61EDEEC7D00A56FFF /* Main.storyboard in Resources */ = {isa = PBXBuildFile; fileRef = 21C63ED41EDEEC7D00A56FFF /* Main.storyboard */; };
		21C63ED91EDEEC7D00A56FFF /* inspire.xcdatamodeld in Sources */ = {isa = PBXBuildFile; fileRef = 21C63ED71EDEEC7D00A56FFF /* inspire.xcdatamodeld */; };
		21C63EDB1EDEEC7D00A56FFF /* Assets.xcassets in Resources */ = {isa = PBXBuildFile; fileRef = 21C63EDA1EDEEC7D00A56FFF /* Assets.xcassets */; };
		21C63EDE1EDEEC7D00A56FFF /* LaunchScreen.storyboard in Resources */ = {isa = PBXBuildFile; fileRef = 21C63EDC1EDEEC7D00A56FFF /* LaunchScreen.storyboard */; };
		21C63EE91EDEEC7D00A56FFF /* inspireTests.swift in Sources */ = {isa = PBXBuildFile; fileRef = 21C63EE81EDEEC7D00A56FFF /* inspireTests.swift */; };
		21C63EF41EDEEC7D00A56FFF /* inspireUITests.swift in Sources */ = {isa = PBXBuildFile; fileRef = 21C63EF31EDEEC7D00A56FFF /* inspireUITests.swift */; };
/* End PBXBuildFile section */

/* Begin PBXContainerItemProxy section */
		21C63EE51EDEEC7D00A56FFF /* PBXContainerItemProxy */ = {
			isa = PBXContainerItemProxy;
			containerPortal = 21C63EC51EDEEC7D00A56FFF /* Project object */;
			proxyType = 1;
			remoteGlobalIDString = 21C63ECC1EDEEC7D00A56FFF;
			remoteInfo = inspire;
		};
		21C63EF01EDEEC7D00A56FFF /* PBXContainerItemProxy */ = {
			isa = PBXContainerItemProxy;
			containerPortal = 21C63EC51EDEEC7D00A56FFF /* Project object */;
			proxyType = 1;
			remoteGlobalIDString = 21C63ECC1EDEEC7D00A56FFF;
			remoteInfo = inspire;
		};
/* End PBXContainerItemProxy section */

/* Begin PBXFileReference section */
		21C63ECD1EDEEC7D00A56FFF /* inspire.app */ = {isa = PBXFileReference; explicitFileType = wrapper.application; includeInIndex = 0; path = inspire.app; sourceTree = BUILT_PRODUCTS_DIR; };
		21C63ED01EDEEC7D00A56FFF /* AppDelegate.swift */ = {isa = PBXFileReference; lastKnownFileType = sourcecode.swift; path = AppDelegate.swift; sourceTree = "<group>"; };
		21C63ED21EDEEC7D00A56FFF /* ViewController.swift */ = {isa = PBXFileReference; lastKnownFileType = sourcecode.swift; path = ViewController.swift; sourceTree = "<group>"; };
		21C63ED51EDEEC7D00A56FFF /* Base */ = {isa = PBXFileReference; lastKnownFileType = file.storyboard; name = Base; path = Base.lproj/Main.storyboard; sourceTree = "<group>"; };
		21C63ED81EDEEC7D00A56FFF /* inspire.xcdatamodel */ = {isa = PBXFileReference; lastKnownFileType = wrapper.xcdatamodel; path = inspire.xcdatamodel; sourceTree = "<group>"; };
		21C63EDA1EDEEC7D00A56FFF /* Assets.xcassets */ = {isa = PBXFileReference; lastKnownFileType = folder.assetcatalog; path = Assets.xcassets; sourceTree = "<group>"; };
		21C63EDD1EDEEC7D00A56FFF /* Base */ = {isa = PBXFileReference; lastKnownFileType = file.storyboard; name = Base; path = Base.lproj/LaunchScreen.storyboard; sourceTree = "<group>"; };
		21C63EDF1EDEEC7D00A56FFF /* Info.plist */ = {isa = PBXFileReference; lastKnownFileType = text.plist.xml; path = Info.plist; sourceTree = "<group>"; };
		21C63EE41EDEEC7D00A56FFF /* inspireTests.xctest */ = {isa = PBXFileReference; explicitFileType = wrapper.cfbundle; includeInIndex = 0; path = inspireTests.xctest; sourceTree = BUILT_PRODUCTS_DIR; };
		21C63EE81EDEEC7D00A56FFF /* inspireTests.swift */ = {isa = PBXFileReference; lastKnownFileType = sourcecode.swift; path = inspireTests.swift; sourceTree = "<group>"; };
		21C63EEA1EDEEC7D00A56FFF /* Info.plist */ = {isa = PBXFileReference; lastKnownFileType = text.plist.xml; path = Info.plist; sourceTree = "<group>"; };
		21C63EEF1EDEEC7D00A56FFF /* inspireUITests.xctest */ = {isa = PBXFileReference; explicitFileType = wrapper.cfbundle; includeInIndex = 0; path = inspireUITests.xctest; sourceTree = BUILT_PRODUCTS_DIR; };
		21C63EF31EDEEC7D00A56FFF /* inspireUITests.swift */ = {isa = PBXFileReference; lastKnownFileType = sourcecode.swift; path = inspireUITests.swift; sourceTree = "<group>"; };
		21C63EF51EDEEC7D00A56FFF /* Info.plist */ = {isa = PBXFileReference; lastKnownFileType = text.plist.xml; path = Info.plist; sourceTree = "<group>"; };
/* End PBXFileReference section */

/* Begin PBXFrameworksBuildPhase section */
		21C63ECA1EDEEC7D00A56FFF /* Frameworks */ = {
			isa = PBXFrameworksBuildPhase;
			buildActionMask = 2147483647;
			files = (
			);
			runOnlyForDeploymentPostprocessing = 0;
		};
		21C63EE11EDEEC7D00A56FFF /* Frameworks */ = {
			isa = PBXFrameworksBuildPhase;
			buildActionMask = 2147483647;
			files = (
			);
			runOnlyForDeploymentPostprocessing = 0;
		};
		21C63EEC1EDEEC7D00A56FFF /* Frameworks */ = {
			isa = PBXFrameworksBuildPhase;
			buildActionMask = 2147483647;
			files = (
			);
			runOnlyForDeploymentPostprocessing = 0;
		};
/* End PBXFrameworksBuildPhase section */

/* Begin PBXGroup section */
		21C63EC41EDEEC7D00A56FFF = {
			isa = PBXGroup;
			children = (
				21C63ECF1EDEEC7D00A56FFF /* inspire */,
				21C63EE71EDEEC7D00A56FFF /* inspireTests */,
				21C63EF21EDEEC7D00A56FFF /* inspireUITests */,
				21C63ECE1EDEEC7D00A56FFF /* Products */,
			);
			sourceTree = "<group>";
		};
		21C63ECE1EDEEC7D00A56FFF /* Products */ = {
			isa = PBXGroup;
			children = (
				21C63ECD1EDEEC7D00A56FFF /* inspire.app */,
				21C63EE41EDEEC7D00A56FFF /* inspireTests.xctest */,
				21C63EEF1EDEEC7D00A56FFF /* inspireUITests.xctest */,
			);
			name = Products;
			sourceTree = "<group>";
		};
		21C63ECF1EDEEC7D00A56FFF /* inspire */ = {
			isa = PBXGroup;
			children = (
				21C63ED01EDEEC7D00A56FFF /* AppDelegate.swift */,
				21C63ED21EDEEC7D00A56FFF /* ViewController.swift */,
				21C63ED41EDEEC7D00A56FFF /* Main.storyboard */,
				21C63EDA1EDEEC7D00A56FFF /* Assets.xcassets */,
				21C63EDC1EDEEC7D00A56FFF /* LaunchScreen.storyboard */,
				21C63EDF1EDEEC7D00A56FFF /* Info.plist */,
				21C63ED71EDEEC7D00A56FFF /* inspire.xcdatamodeld */,
			);
			path = inspire;
			sourceTree = "<group>";
		};
		21C63EE71EDEEC7D00A56FFF /* inspireTests */ = {
			isa = PBXGroup;
			children = (
				21C63EE81EDEEC7D00A56FFF /* inspireTests.swift */,
				21C63EEA1EDEEC7D00A56FFF /* Info.plist */,
			);
			path = inspireTests;
			sourceTree = "<group>";
		};
		21C63EF21EDEEC7D00A56FFF /* inspireUITests */ = {
			isa = PBXGroup;
			children = (
				21C63EF31EDEEC7D00A56FFF /* inspireUITests.swift */,
				21C63EF51EDEEC7D00A56FFF /* Info.plist */,
			);
			path = inspireUITests;
			sourceTree = "<group>";
		};
/* End PBXGroup section */

/* Begin PBXNativeTarget section */
		21C63ECC1EDEEC7D00A56FFF /* inspire */ = {
			isa = PBXNativeTarget;
			buildConfigurationList = 21C63EF81EDEEC7D00A56FFF /* Build configuration list for PBXNativeTarget "inspire" */;
			buildPhases = (
				21C63EC91EDEEC7D00A56FFF /* Sources */,
				21C63ECA1EDEEC7D00A56FFF /* Frameworks */,
				21C63ECB1EDEEC7D00A56FFF /* Resources */,
			);
			buildRules = (
			);
			dependencies = (
			);
			name = inspire;
			productName = inspire;
			productReference = 21C63ECD1EDEEC7D00A56FFF /* inspire.app */;
			productType = "com.apple.product-type.application";
		};
		21C63EE31EDEEC7D00A56FFF /* inspireTests */ = {
			isa = PBXNativeTarget;
			buildConfigurationList = 21C63EFB1EDEEC7D00A56FFF /* Build configuration list for PBXNativeTarget "inspireTests" */;
			buildPhases = (
				21C63EE01EDEEC7D00A56FFF /* Sources */,
				21C63EE11EDEEC7D00A56FFF /* Frameworks */,
				21C63EE21EDEEC7D00A56FFF /* Resources */,
			);
			buildRules = (
			);
			dependencies = (
				21C63EE61EDEEC7D00A56FFF /* PBXTargetDependency */,
			);
			name = inspireTests;
			productName = inspireTests;
			productReference = 21C63EE41EDEEC7D00A56FFF /* inspireTests.xctest */;
			productType = "com.apple.product-type.bundle.unit-test";
		};
		21C63EEE1EDEEC7D00A56FFF /* inspireUITests */ = {
			isa = PBXNativeTarget;
			buildConfigurationList = 21C63EFE1EDEEC7D00A56FFF /* Build configuration list for PBXNativeTarget "inspireUITests" */;
			buildPhases = (
				21C63EEB1EDEEC7D00A56FFF /* Sources */,
				21C63EEC1EDEEC7D00A56FFF /* Frameworks */,
				21C63EED1EDEEC7D00A56FFF /* Resources */,
			);
			buildRules = (
			);
			dependencies = (
				21C63EF11EDEEC7D00A56FFF /* PBXTargetDependency */,
			);
			name = inspireUITests;
			productName = inspireUITests;
			productReference = 21C63EEF1EDEEC7D00A56FFF /* inspireUITests.xctest */;
			productType = "com.apple.product-type.bundle.ui-testing";
		};
/* End PBXNativeTarget section */

/* Begin PBXProject section */
		21C63EC51EDEEC7D00A56FFF /* Project object */ = {
			isa = PBXProject;
			attributes = {
				LastSwiftUpdateCheck = 0800;
				LastUpgradeCheck = 0800;
				ORGANIZATIONNAME = "Stuart Pineo";
				TargetAttributes = {
					21C63ECC1EDEEC7D00A56FFF = {
						CreatedOnToolsVersion = 8.0;
						DevelopmentTeam = PEWN4D59QB;
						ProvisioningStyle = Automatic;
					};
					21C63EE31EDEEC7D00A56FFF = {
						CreatedOnToolsVersion = 8.0;
						DevelopmentTeam = PEWN4D59QB;
						ProvisioningStyle = Automatic;
						TestTargetID = 21C63ECC1EDEEC7D00A56FFF;
					};
					21C63EEE1EDEEC7D00A56FFF = {
						CreatedOnToolsVersion = 8.0;
						DevelopmentTeam = PEWN4D59QB;
						ProvisioningStyle = Automatic;
						TestTargetID = 21C63ECC1EDEEC7D00A56FFF;
					};
				};
			};
			buildConfigurationList = 21C63EC81EDEEC7D00A56FFF /* Build configuration list for PBXProject "inspire" */;
			compatibilityVersion = "Xcode 3.2";
			developmentRegion = English;
			hasScannedForEncodings = 0;
			knownRegions = (
				en,
				Base,
			);
			mainGroup = 21C63EC41EDEEC7D00A56FFF;
			productRefGroup = 21C63ECE1EDEEC7D00A56FFF /* Products */;
			projectDirPath = "";
			projectRoot = "";
			targets = (
				21C63ECC1EDEEC7D00A56FFF /* inspire */,
				21C63EE31EDEEC7D00A56FFF /* inspireTests */,
				21C63EEE1EDEEC7D00A56FFF /* inspireUITests */,
			);
		};
/* End PBXProject section */

/* Begin PBXResourcesBuildPhase section */
		21C63ECB1EDEEC7D00A56FFF /* Resources */ = {
			isa = PBXResourcesBuildPhase;
			buildActionMask = 2147483647;
			files = (
				21C63EDE1EDEEC7D00A56FFF /* LaunchScreen.storyboard in Resources */,
				21C63EDB1EDEEC7D00A56FFF /* Assets.xcassets in Resources */,
				21C63ED61EDEEC7D00A56FFF /* Main.storyboard in Resources */,
			);
			runOnlyForDeploymentPostprocessing = 0;
		};
		21C63EE21EDEEC7D00A56FFF /* Resources */ = {
			isa = PBXResourcesBuildPhase;
			buildActionMask = 2147483647;
			files = (
			);
			runOnlyForDeploymentPostprocessing = 0;
		};
		21C63EED1EDEEC7D00A56FFF /* Resources */ = {
			isa = PBXResourcesBuildPhase;
			buildActionMask = 2147483647;
			files = (
			);
			runOnlyForDeploymentPostprocessing = 0;
		};
/* End PBXResourcesBuildPhase section */

/* Begin PBXSourcesBuildPhase section */
		21C63EC91EDEEC7D00A56FFF /* Sources */ = {
			isa = PBXSourcesBuildPhase;
			buildActionMask = 2147483647;
			files = (
				21C63ED91EDEEC7D00A56FFF /* inspire.xcdatamodeld in Sources */,
				21C63ED31EDEEC7D00A56FFF /* ViewController.swift in Sources */,
				21C63ED11EDEEC7D00A56FFF /* AppDelegate.swift in Sources */,
			);
			runOnlyForDeploymentPostprocessing = 0;
		};
		21C63EE01EDEEC7D00A56FFF /* Sources */ = {
			isa = PBXSourcesBuildPhase;
			buildActionMask = 2147483647;
			files = (
				21C63EE91EDEEC7D00A56FFF /* inspireTests.swift in Sources */,
			);
			runOnlyForDeploymentPostprocessing = 0;
		};
		21C63EEB1EDEEC7D00A56FFF /* Sources */ = {
			isa = PBXSourcesBuildPhase;
			buildActionMask = 2147483647;
			files = (
				21C63EF41EDEEC7D00A56FFF /* inspireUITests.swift in Sources */,
			);
			runOnlyForDeploymentPostprocessing = 0;
		};
/* End PBXSourcesBuildPhase section */

/* Begin PBXTargetDependency section */
		21C63EE61EDEEC7D00A56FFF /* PBXTargetDependency */ = {
			isa = PBXTargetDependency;
			target = 21C63ECC1EDEEC7D00A56FFF /* inspire */;
			targetProxy = 21C63EE51EDEEC7D00A56FFF /* PBXContainerItemProxy */;
		};
		21C63EF11EDEEC7D00A56FFF /* PBXTargetDependency */ = {
			isa = PBXTargetDependency;
			target = 21C63ECC1EDEEC7D00A56FFF /* inspire */;
			targetProxy = 21C63EF01EDEEC7D00A56FFF /* PBXContainerItemProxy */;
		};
/* End PBXTargetDependency section */

/* Begin PBXVariantGroup section */
		21C63ED41EDEEC7D00A56FFF /* Main.storyboard */ = {
			isa = PBXVariantGroup;
			children = (
				21C63ED51EDEEC7D00A56FFF /* Base */,
			);
			name = Main.storyboard;
			sourceTree = "<group>";
		};
		21C63EDC1EDEEC7D00A56FFF /* LaunchScreen.storyboard */ = {
			isa = PBXVariantGroup;
			children = (
				21C63EDD1EDEEC7D00A56FFF /* Base */,
			);
			name = LaunchScreen.storyboard;
			sourceTree = "<group>";
		};
/* End PBXVariantGroup section */

/* Begin XCBuildConfiguration section */
		21C63EF61EDEEC7D00A56FFF /* Debug */ = {
			isa = XCBuildConfiguration;
			buildSettings = {
				ALWAYS_SEARCH_USER_PATHS = NO;
				CLANG_ANALYZER_NONNULL = YES;
				CLANG_CXX_LANGUAGE_STANDARD = "gnu++0x";
				CLANG_CXX_LIBRARY = "libc++";
				CLANG_ENABLE_MODULES = YES;
				CLANG_ENABLE_OBJC_ARC = YES;
				CLANG_WARN_BOOL_CONVERSION = YES;
				CLANG_WARN_CONSTANT_CONVERSION = YES;
				CLANG_WARN_DIRECT_OBJC_ISA_USAGE = YES_ERROR;
				CLANG_WARN_DOCUMENTATION_COMMENTS = YES;
				CLANG_WARN_EMPTY_BODY = YES;
				CLANG_WARN_ENUM_CONVERSION = YES;
				CLANG_WARN_INFINITE_RECURSION = YES;
				CLANG_WARN_INT_CONVERSION = YES;
				CLANG_WARN_OBJC_ROOT_CLASS = YES_ERROR;
				CLANG_WARN_SUSPICIOUS_MOVES = YES;
				CLANG_WARN_UNREACHABLE_CODE = YES;
				CLANG_WARN__DUPLICATE_METHOD_MATCH = YES;
				"CODE_SIGN_IDENTITY[sdk=iphoneos*]" = "iPhone Developer";
				COPY_PHASE_STRIP = NO;
				DEBUG_INFORMATION_FORMAT = dwarf;
				ENABLE_STRICT_OBJC_MSGSEND = YES;
				ENABLE_TESTABILITY = YES;
				GCC_C_LANGUAGE_STANDARD = gnu99;
				GCC_DYNAMIC_NO_PIC = NO;
				GCC_NO_COMMON_BLOCKS = YES;
				GCC_OPTIMIZATION_LEVEL = 0;
				GCC_PREPROCESSOR_DEFINITIONS = (
					"DEBUG=1",
					"$(inherited)",
				);
				GCC_WARN_64_TO_32_BIT_CONVERSION = YES;
				GCC_WARN_ABOUT_RETURN_TYPE = YES_ERROR;
				GCC_WARN_UNDECLARED_SELECTOR = YES;
				GCC_WARN_UNINITIALIZED_AUTOS = YES_AGGRESSIVE;
				GCC_WARN_UNUSED_FUNCTION = YES;
				GCC_WARN_UNUSED_VARIABLE = YES;
				IPHONEOS_DEPLOYMENT_TARGET = 10.0;
				MTL_ENABLE_DEBUG_INFO = YES;
				ONLY_ACTIVE_ARCH = YES;
				SDKROOT = iphoneos;
				SWIFT_ACTIVE_COMPILATION_CONDITIONS = DEBUG;
				SWIFT_OPTIMIZATION_LEVEL = "-Onone";
			};
			name = Debug;
		};
		21C63EF71EDEEC7D00A56FFF /* Release */ = {
			isa = XCBuildConfiguration;
			buildSettings = {
				ALWAYS_SEARCH_USER_PATHS = NO;
				CLANG_ANALYZER_NONNULL = YES;
				CLANG_CXX_LANGUAGE_STANDARD = "gnu++0x";
				CLANG_CXX_LIBRARY = "libc++";
				CLANG_ENABLE_MODULES = YES;
				CLANG_ENABLE_OBJC_ARC = YES;
				CLANG_WARN_BOOL_CONVERSION = YES;
				CLANG_WARN_CONSTANT_CONVERSION = YES;
				CLANG_WARN_DIRECT_OBJC_ISA_USAGE = YES_ERROR;
				CLANG_WARN_DOCUMENTATION_COMMENTS = YES;
				CLANG_WARN_EMPTY_BODY = YES;
				CLANG_WARN_ENUM_CONVERSION = YES;
				CLANG_WARN_INFINITE_RECURSION = YES;
				CLANG_WARN_INT_CONVERSION = YES;
				CLANG_WARN_OBJC_ROOT_CLASS = YES_ERROR;
				CLANG_WARN_SUSPICIOUS_MOVES = YES;
				CLANG_WARN_UNREACHABLE_CODE = YES;
				CLANG_WARN__DUPLICATE_METHOD_MATCH = YES;
				"CODE_SIGN_IDENTITY[sdk=iphoneos*]" = "iPhone Developer";
				COPY_PHASE_STRIP = NO;
				DEBUG_INFORMATION_FORMAT = "dwarf-with-dsym";
				ENABLE_NS_ASSERTIONS = NO;
				ENABLE_STRICT_OBJC_MSGSEND = YES;
				GCC_C_LANGUAGE_STANDARD = gnu99;
				GCC_NO_COMMON_BLOCKS = YES;
				GCC_WARN_64_TO_32_BIT_CONVERSION = YES;
				GCC_WARN_ABOUT_RETURN_TYPE = YES_ERROR;
				GCC_WARN_UNDECLARED_SELECTOR = YES;
				GCC_WARN_UNINITIALIZED_AUTOS = YES_AGGRESSIVE;
				GCC_WARN_UNUSED_FUNCTION = YES;
				GCC_WARN_UNUSED_VARIABLE = YES;
				IPHONEOS_DEPLOYMENT_TARGET = 10.0;
				MTL_ENABLE_DEBUG_INFO = NO;
				SDKROOT = iphoneos;
				SWIFT_OPTIMIZATION_LEVEL = "-Owholemodule";
				VALIDATE_PRODUCT = YES;
			};
			name = Release;
		};
		21C63EF91EDEEC7D00A56FFF /* Debug */ = {
			isa = XCBuildConfiguration;
			buildSettings = {
				ASSETCATALOG_COMPILER_APPICON_NAME = AppIcon;
				DEVELOPMENT_TEAM = PEWN4D59QB;
				INFOPLIST_FILE = inspire/Info.plist;
				LD_RUNPATH_SEARCH_PATHS = "$(inherited) @executable_path/Frameworks";
				PRODUCT_BUNDLE_IDENTIFIER = com.StuartPineo.inspire;
				PRODUCT_NAME = "$(TARGET_NAME)";
				SWIFT_VERSION = 3.0;
			};
			name = Debug;
		};
		21C63EFA1EDEEC7D00A56FFF /* Release */ = {
			isa = XCBuildConfiguration;
			buildSettings = {
				ASSETCATALOG_COMPILER_APPICON_NAME = AppIcon;
				DEVELOPMENT_TEAM = PEWN4D59QB;
				INFOPLIST_FILE = inspire/Info.plist;
				LD_RUNPATH_SEARCH_PATHS = "$(inherited) @executable_path/Frameworks";
				PRODUCT_BUNDLE_IDENTIFIER = com.StuartPineo.inspire;
				PRODUCT_NAME = "$(TARGET_NAME)";
				SWIFT_VERSION = 3.0;
			};
			name = Release;
		};
		21C63EFC1EDEEC7D00A56FFF /* Debug */ = {
			isa = XCBuildConfiguration;
			buildSettings = {
				ALWAYS_EMBED_SWIFT_STANDARD_LIBRARIES = YES;
				BUNDLE_LOADER = "$(TEST_HOST)";
				DEVELOPMENT_TEAM = PEWN4D59QB;
				INFOPLIST_FILE = inspireTests/Info.plist;
				LD_RUNPATH_SEARCH_PATHS = "$(inherited) @executable_path/Frameworks @loader_path/Frameworks";
				PRODUCT_BUNDLE_IDENTIFIER = com.StuartPineo.inspireTests;
				PRODUCT_NAME = "$(TARGET_NAME)";
				SWIFT_VERSION = 3.0;
				TEST_HOST = "$(BUILT_PRODUCTS_DIR)/inspire.app/inspire";
			};
			name = Debug;
		};
		21C63EFD1EDEEC7D00A56FFF /* Release */ = {
			isa = XCBuildConfiguration;
			buildSettings = {
				ALWAYS_EMBED_SWIFT_STANDARD_LIBRARIES = YES;
				BUNDLE_LOADER = "$(TEST_HOST)";
				DEVELOPMENT_TEAM = PEWN4D59QB;
				INFOPLIST_FILE = inspireTests/Info.plist;
				LD_RUNPATH_SEARCH_PATHS = "$(inherited) @executable_path/Frameworks @loader_path/Frameworks";
				PRODUCT_BUNDLE_IDENTIFIER = com.StuartPineo.inspireTests;
				PRODUCT_NAME = "$(TARGET_NAME)";
				SWIFT_VERSION = 3.0;
				TEST_HOST = "$(BUILT_PRODUCTS_DIR)/inspire.app/inspire";
			};
			name = Release;
		};
		21C63EFF1EDEEC7D00A56FFF /* Debug */ = {
			isa = XCBuildConfiguration;
			buildSettings = {
				ALWAYS_EMBED_SWIFT_STANDARD_LIBRARIES = YES;
				DEVELOPMENT_TEAM = PEWN4D59QB;
				INFOPLIST_FILE = inspireUITests/Info.plist;
				LD_RUNPATH_SEARCH_PATHS = "$(inherited) @executable_path/Frameworks @loader_path/Frameworks";
				PRODUCT_BUNDLE_IDENTIFIER = com.StuartPineo.inspireUITests;
				PRODUCT_NAME = "$(TARGET_NAME)";
				SWIFT_VERSION = 3.0;
				TEST_TARGET_NAME = inspire;
			};
			name = Debug;
		};
		21C63F001EDEEC7D00A56FFF /* Release */ = {
			isa = XCBuildConfiguration;
			buildSettings = {
				ALWAYS_EMBED_SWIFT_STANDARD_LIBRARIES = YES;
				DEVELOPMENT_TEAM = PEWN4D59QB;
				INFOPLIST_FILE = inspireUITests/Info.plist;
				LD_RUNPATH_SEARCH_PATHS = "$(inherited) @executable_path/Frameworks @loader_path/Frameworks";
				PRODUCT_BUNDLE_IDENTIFIER = com.StuartPineo.inspireUITests;
				PRODUCT_NAME = "$(TARGET_NAME)";
				SWIFT_VERSION = 3.0;
				TEST_TARGET_NAME = inspire;
			};
			name = Release;
		};
/* End XCBuildConfiguration section */

/* Begin XCConfigurationList section */
		21C63EC81EDEEC7D00A56FFF /* Build configuration list for PBXProject "inspire" */ = {
			isa = XCConfigurationList;
			buildConfigurations = (
				21C63EF61EDEEC7D00A56FFF /* Debug */,
				21C63EF71EDEEC7D00A56FFF /* Release */,
			);
			defaultConfigurationIsVisible = 0;
			defaultConfigurationName = Release;
		};
		21C63EF81EDEEC7D00A56FFF /* Build configuration list for PBXNativeTarget "inspire" */ = {
			isa = XCConfigurationList;
			buildConfigurations = (
				21C63EF91EDEEC7D00A56FFF /* Debug */,
				21C63EFA1EDEEC7D00A56FFF /* Release */,
			);
			defaultConfigurationIsVisible = 0;
		};
		21C63EFB1EDEEC7D00A56FFF /* Build configuration list for PBXNativeTarget "inspireTests" */ = {
			isa = XCConfigurationList;
			buildConfigurations = (
				21C63EFC1EDEEC7D00A56FFF /* Debug */,
				21C63EFD1EDEEC7D00A56FFF /* Release */,
			);
			defaultConfigurationIsVisible = 0;
		};
		21C63EFE1EDEEC7D00A56FFF /* Build configuration list for PBXNativeTarget "inspireUITests" */ = {
			isa = XCConfigurationList;
			buildConfigurations = (
				21C63EFF1EDEEC7D00A56FFF /* Debug */,
				21C63F001EDEEC7D00A56FFF /* Release */,
			);
			defaultConfigurationIsVisible = 0;
		};
/* End XCConfigurationList section */

/* Begin XCVersionGroup section */
		21C63ED71EDEEC7D00A56FFF /* inspire.xcdatamodeld */ = {
			isa = XCVersionGroup;
			children = (
				21C63ED81EDEEC7D00A56FFF /* inspire.xcdatamodel */,
			);
			currentVersion = 21C63ED81EDEEC7D00A56FFF /* inspire.xcdatamodel */;
			path = inspire.xcdatamodeld;
			sourceTree = "<group>";
			versionGroupType = wrapper.xcdatamodel;
		};
/* End XCVersionGroup section */
	};
	rootObject = 21C63EC51EDEEC7D00A56FFF /* Project object */;
}
